
Microsoft Visual Studio Solution File, Format Version 12.00
# Visual Studio Version 17
VisualStudioVersion = 17.5.002.0
MinimumVisualStudioVersion = 10.0.40219.1
Project("{9A19103F-16F7-4668-BE54-9A1E7A4F7556}") = "SimpleQuizApp", "SimpleQuizApp.csproj", "{B8A5E557-8616-478C-8D67-34BF6F7531EF}"
EndProject
Global
	GlobalSection(SolutionConfigurationPlatforms) = preSolution
		Debug|Any CPU = Debug|Any CPU
		Release|Any CPU = Release|Any CPU
	EndGlobalSection
	GlobalSection(ProjectConfigurationPlatforms) = postSolution
		{B8A5E557-8616-478C-8D67-34BF6F7531EF}.Debug|Any CPU.ActiveCfg = Debug|Any CPU
		{B8A5E557-8616-478C-8D67-34BF6F7531EF}.Debug|Any CPU.Build.0 = Debug|Any CPU
		{B8A5E557-8616-478C-8D67-34BF6F7531EF}.Release|Any CPU.ActiveCfg = Release|Any CPU
		{B8A5E557-8616-478C-8D67-34BF6F7531EF}.Release|Any CPU.Build.0 = Release|Any CPU
	EndGlobalSection
	GlobalSection(SolutionProperties) = preSolution
		HideSolutionNode = FALSE
	EndGlobalSection
	GlobalSection(ExtensibilityGlobals) = postSolution
		SolutionGuid = {01343E63-ED1B-47A2-9751-4510CD1050D9}
	EndGlobalSection
EndGlobal
